
Microsoft Visual Studio Solution File, Format Version 12.00
Project("{FAE04EC0-301F-11D3-BF4B-00C04F79EFBC}") = "MovieApp", "MovieApp\MovieApp.csproj", "{FBBCFCE4-F405-41A7-AE09-4BDE4359FB98}"
EndProject
Global
	GlobalSection(SolutionConfigurationPlatforms) = preSolution
		Debug|Any CPU = Debug|Any CPU
		Release|Any CPU = Release|Any CPU
	EndGlobalSection
	GlobalSection(ProjectConfigurationPlatforms) = postSolution
		{FBBCFCE4-F405-41A7-AE09-4BDE4359FB98}.Debug|Any CPU.ActiveCfg = Debug|Any CPU
		{FBBCFCE4-F405-41A7-AE09-4BDE4359FB98}.Debug|Any CPU.Build.0 = Debug|Any CPU
		{FBBCFCE4-F405-41A7-AE09-4BDE4359FB98}.Release|Any CPU.ActiveCfg = Release|Any CPU
		{FBBCFCE4-F405-41A7-AE09-4BDE4359FB98}.Release|Any CPU.Build.0 = Release|Any CPU
	EndGlobalSection
EndGlobal
